
Microsoft Visual Studio Solution File, Format Version 12.00
# Visual Studio Version 17
VisualStudioVersion = 17.5.002.0
MinimumVisualStudioVersion = 10.0.40219.1
Project("{9A19103F-16F7-4668-BE54-9A1E7A4F7556}") = "CsharpStudy", "CsharpStudy\CsharpStudy.csproj", "{B017DDB7-C02A-4B2C-8EA3-25C39CE7F3B5}"
EndProject
Global
	GlobalSection(SolutionConfigurationPlatforms) = preSolution
		Debug|Any CPU = Debug|Any CPU
		Release|Any CPU = Release|Any CPU
	EndGlobalSection
	GlobalSection(ProjectConfigurationPlatforms) = postSolution
		{B017DDB7-C02A-4B2C-8EA3-25C39CE7F3B5}.Debug|Any CPU.ActiveCfg = Debug|Any CPU
		{B017DDB7-C02A-4B2C-8EA3-25C39CE7F3B5}.Debug|Any CPU.Build.0 = Debug|Any CPU
		{B017DDB7-C02A-4B2C-8EA3-25C39CE7F3B5}.Release|Any CPU.ActiveCfg = Release|Any CPU
		{B017DDB7-C02A-4B2C-8EA3-25C39CE7F3B5}.Release|Any CPU.Build.0 = Release|Any CPU
	EndGlobalSection
	GlobalSection(SolutionProperties) = preSolution
		HideSolutionNode = FALSE
	EndGlobalSection
	GlobalSection(ExtensibilityGlobals) = postSolution
		SolutionGuid = {8E9C77C8-9074-4BB3-BC64-AB8D2F157948}
	EndGlobalSection
EndGlobal
